
Microsoft Visual Studio Solution File, Format Version 12.00
# Visual Studio Version 17
VisualStudioVersion = 17.14.36202.13 d17.14
MinimumVisualStudioVersion = 10.0.40219.1
Project("{FAE04EC0-301F-11D3-BF4B-00C04F79EFBC}") = "Practica_Blibloteca", "Practica_Blibloteca\Practica_Blibloteca.csproj", "{484B58AF-404D-4D63-83E9-F68176271CC0}"
EndProject
Global
	GlobalSection(SolutionConfigurationPlatforms) = preSolution
		Debug|Any CPU = Debug|Any CPU
		Release|Any CPU = Release|Any CPU
	EndGlobalSection
	GlobalSection(ProjectConfigurationPlatforms) = postSolution
		{484B58AF-404D-4D63-83E9-F68176271CC0}.Debug|Any CPU.ActiveCfg = Debug|Any CPU
		{484B58AF-404D-4D63-83E9-F68176271CC0}.Debug|Any CPU.Build.0 = Debug|Any CPU
		{484B58AF-404D-4D63-83E9-F68176271CC0}.Release|Any CPU.ActiveCfg = Release|Any CPU
		{484B58AF-404D-4D63-83E9-F68176271CC0}.Release|Any CPU.Build.0 = Release|Any CPU
	EndGlobalSection
	GlobalSection(SolutionProperties) = preSolution
		HideSolutionNode = FALSE
	EndGlobalSection
	GlobalSection(ExtensibilityGlobals) = postSolution
		SolutionGuid = {11EF0551-C536-497F-A539-16D5C6465B0B}
	EndGlobalSection
EndGlobal
